
Microsoft Visual Studio Solution File, Format Version 12.00
# Visual Studio Version 17
VisualStudioVersion = 17.0.32014.148
MinimumVisualStudioVersion = 10.0.40219.1
Project("{FAE04EC0-301F-11D3-BF4B-00C04F79EFBC}") = "Cellarium", "Cellarium\Cellarium.csproj", "{C17ADEA0-555B-473D-9736-4CF4ADDEF0F4}"
EndProject
Project("{FAE04EC0-301F-11D3-BF4B-00C04F79EFBC}") = "CellariumDaemon", "CellariumDaemon\CellariumDaemon.csproj", "{A01C1F21-39C2-42C6-8401-216743A03635}"
EndProject
Global
	GlobalSection(SolutionConfigurationPlatforms) = preSolution
		Debug|Any CPU = Debug|Any CPU
		Release|Any CPU = Release|Any CPU
	EndGlobalSection
	GlobalSection(ProjectConfigurationPlatforms) = postSolution
		{C17ADEA0-555B-473D-9736-4CF4ADDEF0F4}.Debug|Any CPU.ActiveCfg = Debug|Any CPU
		{C17ADEA0-555B-473D-9736-4CF4ADDEF0F4}.Debug|Any CPU.Build.0 = Debug|Any CPU
		{C17ADEA0-555B-473D-9736-4CF4ADDEF0F4}.Release|Any CPU.ActiveCfg = Release|Any CPU
		{C17ADEA0-555B-473D-9736-4CF4ADDEF0F4}.Release|Any CPU.Build.0 = Release|Any CPU
		{A01C1F21-39C2-42C6-8401-216743A03635}.Debug|Any CPU.ActiveCfg = Debug|Any CPU
		{A01C1F21-39C2-42C6-8401-216743A03635}.Debug|Any CPU.Build.0 = Debug|Any CPU
		{A01C1F21-39C2-42C6-8401-216743A03635}.Release|Any CPU.ActiveCfg = Release|Any CPU
		{A01C1F21-39C2-42C6-8401-216743A03635}.Release|Any CPU.Build.0 = Release|Any CPU
	EndGlobalSection
	GlobalSection(SolutionProperties) = preSolution
		HideSolutionNode = FALSE
	EndGlobalSection
	GlobalSection(ExtensibilityGlobals) = postSolution
		SolutionGuid = {FCE7DB3C-F2EA-4D3D-9725-8721D3564ADA}
	EndGlobalSection
EndGlobal
